// !$*UTF8*$!
{
	archiveVersion = 1;
	classes = {
	};
	objectVersion = 50;
	objects = {

/* Begin PBXBuildFile section */
		420E0F56211C2B6A00C43CA0 /* AppDelegate.swift in Sources */ = {isa = PBXBuildFile; fileRef = 420E0F55211C2B6A00C43CA0 /* AppDelegate.swift */; };
		420E0F5B211C2B6A00C43CA0 /* Main.storyboard in Resources */ = {isa = PBXBuildFile; fileRef = 420E0F59211C2B6A00C43CA0 /* Main.storyboard */; };
		420E0F5D211C2B6C00C43CA0 /* Assets.xcassets in Resources */ = {isa = PBXBuildFile; fileRef = 420E0F5C211C2B6C00C43CA0 /* Assets.xcassets */; };
		420E0F60211C2B6C00C43CA0 /* LaunchScreen.storyboard in Resources */ = {isa = PBXBuildFile; fileRef = 420E0F5E211C2B6C00C43CA0 /* LaunchScreen.storyboard */; };
		420E0F68211C2C7300C43CA0 /* BlueTableViewController.swift in Sources */ = {isa = PBXBuildFile; fileRef = 420E0F67211C2C7300C43CA0 /* BlueTableViewController.swift */; };
		420E0F6A211C2C9D00C43CA0 /* BlueTableViewCell.swift in Sources */ = {isa = PBXBuildFile; fileRef = 420E0F69211C2C9D00C43CA0 /* BlueTableViewCell.swift */; };
/* End PBXBuildFile section */

/* Begin PBXFileReference section */
		420E0F52211C2B6A00C43CA0 /* BluetoothTracker.app */ = {isa = PBXFileReference; explicitFileType = wrapper.application; includeInIndex = 0; path = BluetoothTracker.app; sourceTree = BUILT_PRODUCTS_DIR; };
		420E0F55211C2B6A00C43CA0 /* AppDelegate.swift */ = {isa = PBXFileReference; lastKnownFileType = sourcecode.swift; path = AppDelegate.swift; sourceTree = "<group>"; };
		420E0F5A211C2B6A00C43CA0 /* Base */ = {isa = PBXFileReference; lastKnownFileType = file.storyboard; name = Base; path = Base.lproj/Main.storyboard; sourceTree = "<group>"; };
		420E0F5C211C2B6C00C43CA0 /* Assets.xcassets */ = {isa = PBXFileReference; lastKnownFileType = folder.assetcatalog; path = Assets.xcassets; sourceTree = "<group>"; };
		420E0F5F211C2B6C00C43CA0 /* Base */ = {isa = PBXFileReference; lastKnownFileType = file.storyboard; name = Base; path = Base.lproj/LaunchScreen.storyboard; sourceTree = "<group>"; };
		420E0F61211C2B6C00C43CA0 /* Info.plist */ = {isa = PBXFileReference; lastKnownFileType = text.plist.xml; path = Info.plist; sourceTree = "<group>"; };
		420E0F67211C2C7300C43CA0 /* BlueTableViewController.swift */ = {isa = PBXFileReference; lastKnownFileType = sourcecode.swift; path = BlueTableViewController.swift; sourceTree = "<group>"; };
		420E0F69211C2C9D00C43CA0 /* BlueTableViewCell.swift */ = {isa = PBXFileReference; lastKnownFileType = sourcecode.swift; path = BlueTableViewCell.swift; sourceTree = "<group>"; };
/* End PBXFileReference section */

/* Begin PBXFrameworksBuildPhase section */
		420E0F4F211C2B6A00C43CA0 /* Frameworks */ = {
			isa = PBXFrameworksBuildPhase;
			buildActionMask = 2147483647;
			files = (
			);
			runOnlyForDeploymentPostprocessing = 0;
		};
/* End PBXFrameworksBuildPhase section */

/* Begin PBXGroup section */
		420E0F49211C2B6A00C43CA0 = {
			isa = PBXGroup;
			children = (
				420E0F54211C2B6A00C43CA0 /* BluetoothTracker */,
				420E0F53211C2B6A00C43CA0 /* Products */,
			);
			sourceTree = "<group>";
		};
		420E0F53211C2B6A00C43CA0 /* Products */ = {
			isa = PBXGroup;
			children = (
				420E0F52211C2B6A00C43CA0 /* BluetoothTracker.app */,
			);
			name = Products;
			sourceTree = "<group>";
		};
		420E0F54211C2B6A00C43CA0 /* BluetoothTracker */ = {
			isa = PBXGroup;
			children = (
				420E0F55211C2B6A00C43CA0 /* AppDelegate.swift */,
				420E0F67211C2C7300C43CA0 /* BlueTableViewController.swift */,
				420E0F59211C2B6A00C43CA0 /* Main.storyboard */,
				420E0F5C211C2B6C00C43CA0 /* Assets.xcassets */,
				420E0F5E211C2B6C00C43CA0 /* LaunchScreen.storyboard */,
				420E0F61211C2B6C00C43CA0 /* Info.plist */,
				420E0F69211C2C9D00C43CA0 /* BlueTableViewCell.swift */,
			);
			path = BluetoothTracker;
			sourceTree = "<group>";
		};
/* End PBXGroup section */

/* Begin PBXNativeTarget section */
		420E0F51211C2B6A00C43CA0 /* BluetoothTracker */ = {
			isa = PBXNativeTarget;
			buildConfigurationList = 420E0F64211C2B6C00C43CA0 /* Build configuration list for PBXNativeTarget "BluetoothTracker" */;
			buildPhases = (
				420E0F4E211C2B6A00C43CA0 /* Sources */,
				420E0F4F211C2B6A00C43CA0 /* Frameworks */,
				420E0F50211C2B6A00C43CA0 /* Resources */,
			);
			buildRules = (
			);
			dependencies = (
			);
			name = BluetoothTracker;
			productName = BluetoothTracker;
			productReference = 420E0F52211C2B6A00C43CA0 /* BluetoothTracker.app */;
			productType = "com.apple.product-type.application";
		};
/* End PBXNativeTarget section */

/* Begin PBXProject section */
		420E0F4A211C2B6A00C43CA0 /* Project object */ = {
			isa = PBXProject;
			attributes = {
				LastSwiftUpdateCheck = 0940;
				LastUpgradeCheck = 0940;
				ORGANIZATIONNAME = ChrisYoung;
				TargetAttributes = {
					420E0F51211C2B6A00C43CA0 = {
						CreatedOnToolsVersion = 9.4.1;
					};
				};
			};
			buildConfigurationList = 420E0F4D211C2B6A00C43CA0 /* Build configuration list for PBXProject "BluetoothTracker" */;
			compatibilityVersion = "Xcode 9.3";
			developmentRegion = en;
			hasScannedForEncodings = 0;
			knownRegions = (
				en,
				Base,
			);
			mainGroup = 420E0F49211C2B6A00C43CA0;
			productRefGroup = 420E0F53211C2B6A00C43CA0 /* Products */;
			projectDirPath = "";
			projectRoot = "";
			targets = (
				420E0F51211C2B6A00C43CA0 /* BluetoothTracker */,
			);
		};
/* End PBXProject section */

/* Begin PBXResourcesBuildPhase section */
		420E0F50211C2B6A00C43CA0 /* Resources */ = {
			isa = PBXResourcesBuildPhase;
			buildActionMask = 2147483647;
			files = (
				420E0F60211C2B6C00C43CA0 /* LaunchScreen.storyboard in Resources */,
				420E0F5D211C2B6C00C43CA0 /* Assets.xcassets in Resources */,
				420E0F5B211C2B6A00C43CA0 /* Main.storyboard in Resources */,
			);
			runOnlyForDeploymentPostprocessing = 0;
		};
/* End PBXResourcesBuildPhase section */

/* Begin PBXSourcesBuildPhase section */
		420E0F4E211C2B6A00C43CA0 /* Sources */ = {
			isa = PBXSourcesBuildPhase;
			buildActionMask = 2147483647;
			files = (
				420E0F56211C2B6A00C43CA0 /* AppDelegate.swift in Sources */,
				420E0F6A211C2C9D00C43CA0 /* BlueTableViewCell.swift in Sources */,
				420E0F68211C2C7300C43CA0 /* BlueTableViewController.swift in Sources */,
			);
			runOnlyForDeploymentPostprocessing = 0;
		};
/* End PBXSourcesBuildPhase section */

/* Begin PBXVariantGroup section */
		420E0F59211C2B6A00C43CA0 /* Main.storyboard */ = {
			isa = PBXVariantGroup;
			children = (
				420E0F5A211C2B6A00C43CA0 /* Base */,
			);
			name = Main.storyboard;
			sourceTree = "<group>";
		};
		420E0F5E211C2B6C00C43CA0 /* LaunchScreen.storyboard */ = {
			isa = PBXVariantGroup;
			children = (
				420E0F5F211C2B6C00C43CA0 /* Base */,
			);
			name = LaunchScreen.storyboard;
			sourceTree = "<group>";
		};
/* End PBXVariantGroup section */

/* Begin XCBuildConfiguration section */
		420E0F62211C2B6C00C43CA0 /* Debug */ = {
			isa = XCBuildConfiguration;
			buildSettings = {
				ALWAYS_SEARCH_USER_PATHS = NO;
				CLANG_ANALYZER_NONNULL = YES;
				CLANG_ANALYZER_NUMBER_OBJECT_CONVERSION = YES_AGGRESSIVE;
				CLANG_CXX_LANGUAGE_STANDARD = "gnu++14";
				CLANG_CXX_LIBRARY = "libc++";
				CLANG_ENABLE_MODULES = YES;
				CLANG_ENABLE_OBJC_ARC = YES;
				CLANG_ENABLE_OBJC_WEAK = YES;
				CLANG_WARN_BLOCK_CAPTURE_AUTORELEASING = YES;
				CLANG_WARN_BOOL_CONVERSION = YES;
				CLANG_WARN_COMMA = YES;
				CLANG_WARN_CONSTANT_CONVERSION = YES;
				CLANG_WARN_DEPRECATED_OBJC_IMPLEMENTATIONS = YES;
				CLANG_WARN_DIRECT_OBJC_ISA_USAGE = YES_ERROR;
				CLANG_WARN_DOCUMENTATION_COMMENTS = YES;
				CLANG_WARN_EMPTY_BODY = YES;
				CLANG_WARN_ENUM_CONVERSION = YES;
				CLANG_WARN_INFINITE_RECURSION = YES;
				CLANG_WARN_INT_CONVERSION = YES;
				CLANG_WARN_NON_LITERAL_NULL_CONVERSION = YES;
				CLANG_WARN_OBJC_IMPLICIT_RETAIN_SELF = YES;
				CLANG_WARN_OBJC_LITERAL_CONVERSION = YES;
				CLANG_WARN_OBJC_ROOT_CLASS = YES_ERROR;
				CLANG_WARN_RANGE_LOOP_ANALYSIS = YES;
				CLANG_WARN_STRICT_PROTOTYPES = YES;
				CLANG_WARN_SUSPICIOUS_MOVE = YES;
				CLANG_WARN_UNGUARDED_AVAILABILITY = YES_AGGRESSIVE;
				CLANG_WARN_UNREACHABLE_CODE = YES;
				CLANG_WARN__DUPLICATE_METHOD_MATCH = YES;
				CODE_SIGN_IDENTITY = "iPhone Developer";
				COPY_PHASE_STRIP = NO;
				DEBUG_INFORMATION_FORMAT = dwarf;
				ENABLE_STRICT_OBJC_MSGSEND = YES;
				ENABLE_TESTABILITY = YES;
				GCC_C_LANGUAGE_STANDARD = gnu11;
				GCC_DYNAMIC_NO_PIC = NO;
				GCC_NO_COMMON_BLOCKS = YES;
				GCC_OPTIMIZATION_LEVEL = 0;
				GCC_PREPROCESSOR_DEFINITIONS = (
					"DEBUG=1",
					"$(inherited)",
				);
				GCC_WARN_64_TO_32_BIT_CONVERSION = YES;
				GCC_WARN_ABOUT_RETURN_TYPE = YES_ERROR;
				GCC_WARN_UNDECLARED_SELECTOR = YES;
				GCC_WARN_UNINITIALIZED_AUTOS = YES_AGGRESSIVE;
				GCC_WARN_UNUSED_FUNCTION = YES;
				GCC_WARN_UNUSED_VARIABLE = YES;
				IPHONEOS_DEPLOYMENT_TARGET = 11.4;
				MTL_ENABLE_DEBUG_INFO = YES;
				ONLY_ACTIVE_ARCH = YES;
				SDKROOT = iphoneos;
				SWIFT_ACTIVE_COMPILATION_CONDITIONS = DEBUG;
				SWIFT_OPTIMIZATION_LEVEL = "-Onone";
			};
			name = Debug;
		};
		420E0F63211C2B6C00C43CA0 /* Release */ = {
			isa = XCBuildConfiguration;
			buildSettings = {
				ALWAYS_SEARCH_USER_PATHS = NO;
				CLANG_ANALYZER_NONNULL = YES;
				CLANG_ANALYZER_NUMBER_OBJECT_CONVERSION = YES_AGGRESSIVE;
				CLANG_CXX_LANGUAGE_STANDARD = "gnu++14";
				CLANG_CXX_LIBRARY = "libc++";
				CLANG_ENABLE_MODULES = YES;
				CLANG_ENABLE_OBJC_ARC = YES;
				CLANG_ENABLE_OBJC_WEAK = YES;
				CLANG_WARN_BLOCK_CAPTURE_AUTORELEASING = YES;
				CLANG_WARN_BOOL_CONVERSION = YES;
				CLANG_WARN_COMMA = YES;
				CLANG_WARN_CONSTANT_CONVERSION = YES;
				CLANG_WARN_DEPRECATED_OBJC_IMPLEMENTATIONS = YES;
				CLANG_WARN_DIRECT_OBJC_ISA_USAGE = YES_ERROR;
				CLANG_WARN_DOCUMENTATION_COMMENTS = YES;
				CLANG_WARN_EMPTY_BODY = YES;
				CLANG_WARN_ENUM_CONVERSION = YES;
				CLANG_WARN_INFINITE_RECURSION = YES;
				CLANG_WARN_INT_CONVERSION = YES;
				CLANG_WARN_NON_LITERAL_NULL_CONVERSION = YES;
				CLANG_WARN_OBJC_IMPLICIT_RETAIN_SELF = YES;
				CLANG_WARN_OBJC_LITERAL_CONVERSION = YES;
				CLANG_WARN_OBJC_ROOT_CLASS = YES_ERROR;
				CLANG_WARN_RANGE_LOOP_ANALYSIS = YES;
				CLANG_WARN_STRICT_PROTOTYPES = YES;
				CLANG_WARN_SUSPICIOUS_MOVE = YES;
				CLANG_WARN_UNGUARDED_AVAILABILITY = YES_AGGRESSIVE;
				CLANG_WARN_UNREACHABLE_CODE = YES;
				CLANG_WARN__DUPLICATE_METHOD_MATCH = YES;
				CODE_SIGN_IDENTITY = "iPhone Developer";
				COPY_PHASE_STRIP = NO;
				DEBUG_INFORMATION_FORMAT = "dwarf-with-dsym";
				ENABLE_NS_ASSERTIONS = NO;
				ENABLE_STRICT_OBJC_MSGSEND = YES;
				GCC_C_LANGUAGE_STANDARD = gnu11;
				GCC_NO_COMMON_BLOCKS = YES;
				GCC_WARN_64_TO_32_BIT_CONVERSION = YES;
				GCC_WARN_ABOUT_RETURN_TYPE = YES_ERROR;
				GCC_WARN_UNDECLARED_SELECTOR = YES;
				GCC_WARN_UNINITIALIZED_AUTOS = YES_AGGRESSIVE;
				GCC_WARN_UNUSED_FUNCTION = YES;
				GCC_WARN_UNUSED_VARIABLE = YES;
				IPHONEOS_DEPLOYMENT_TARGET = 11.4;
				MTL_ENABLE_DEBUG_INFO = NO;
				SDKROOT = iphoneos;
				SWIFT_COMPILATION_MODE = wholemodule;
				SWIFT_OPTIMIZATION_LEVEL = "-O";
				VALIDATE_PRODUCT = YES;
			};
			name = Release;
		};
		420E0F65211C2B6C00C43CA0 /* Debug */ = {
			isa = XCBuildConfiguration;
			buildSettings = {
				ASSETCATALOG_COMPILER_APPICON_NAME = AppIcon;
				CODE_SIGN_STYLE = Automatic;
				DEVELOPMENT_TEAM = T9EWCF83UK;
				INFOPLIST_FILE = BluetoothTracker/Info.plist;
				IPHONEOS_DEPLOYMENT_TARGET = 10.3;
				LD_RUNPATH_SEARCH_PATHS = (
					"$(inherited)",
					"@executable_path/Frameworks",
				);
				PRODUCT_BUNDLE_IDENTIFIER = com.chrisyoung.BluetoothTracker;
				PRODUCT_NAME = "$(TARGET_NAME)";
				SWIFT_VERSION = 4.0;
				TARGETED_DEVICE_FAMILY = "1,2";
			};
			name = Debug;
		};
		420E0F66211C2B6C00C43CA0 /* Release */ = {
			isa = XCBuildConfiguration;
			buildSettings = {
				ASSETCATALOG_COMPILER_APPICON_NAME = AppIcon;
				CODE_SIGN_STYLE = Automatic;
				DEVELOPMENT_TEAM = T9EWCF83UK;
				INFOPLIST_FILE = BluetoothTracker/Info.plist;
				IPHONEOS_DEPLOYMENT_TARGET = 10.3;
				LD_RUNPATH_SEARCH_PATHS = (
					"$(inherited)",
					"@executable_path/Frameworks",
				);
				PRODUCT_BUNDLE_IDENTIFIER = com.chrisyoung.BluetoothTracker;
				PRODUCT_NAME = "$(TARGET_NAME)";
				SWIFT_VERSION = 4.0;
				TARGETED_DEVICE_FAMILY = "1,2";
			};
			name = Release;
		};
/* End XCBuildConfiguration section */

/* Begin XCConfigurationList section */
		420E0F4D211C2B6A00C43CA0 /* Build configuration list for PBXProject "BluetoothTracker" */ = {
			isa = XCConfigurationList;
			buildConfigurations = (
				420E0F62211C2B6C00C43CA0 /* Debug */,
				420E0F63211C2B6C00C43CA0 /* Release */,
			);
			defaultConfigurationIsVisible = 0;
			defaultConfigurationName = Release;
		};
		420E0F64211C2B6C00C43CA0 /* Build configuration list for PBXNativeTarget "BluetoothTracker" */ = {
			isa = XCConfigurationList;
			buildConfigurations = (
				420E0F65211C2B6C00C43CA0 /* Debug */,
				420E0F66211C2B6C00C43CA0 /* Release */,
			);
			defaultConfigurationIsVisible = 0;
			defaultConfigurationName = Release;
		};
/* End XCConfigurationList section */
	};
	rootObject = 420E0F4A211C2B6A00C43CA0 /* Project object */;
}
